// !$*UTF8*$!
{
	archiveVersion = 1;
	classes = {
	};
	objectVersion = 77;
	objects = {

/* Begin PBXFileSystemSynchronizedRootGroup section */
		242AD9512F2B9BA000CDEAAE /* Book */ = {
			isa = PBXFileSystemSynchronizedRootGroup;
			path = Book;
			sourceTree = "<group>";
		};
/* End PBXFileSystemSynchronizedRootGroup section */

/* Begin PBXGroup section */
		242AD94A2F2B9B5E00CDEAAE = {
			isa = PBXGroup;
			children = (
				242AD9512F2B9BA000CDEAAE /* Book */,
			);
			sourceTree = "<group>";
		};
/* End PBXGroup section */

/* Begin PBXProject section */
		242AD94B2F2B9B5E00CDEAAE /* Project object */ = {
			isa = PBXProject;
			attributes = {
				BuildIndependentTargetsInParallel = 1;
				LastUpgradeCheck = 2620;
			};
			buildConfigurationList = 242AD94E2F2B9B5E00CDEAAE /* Build configuration list for PBXProject "HAVENDocuments" */;
			developmentRegion = en;
			hasScannedForEncodings = 0;
			knownRegions = (
				en,
				Base,
			);
			mainGroup = 242AD94A2F2B9B5E00CDEAAE;
			minimizedProjectReferenceProxies = 1;
			preferredProjectObjectVersion = 77;
			projectDirPath = "";
			projectRoot = "";
			targets = (
			);
		};
/* End PBXProject section */

/* Begin XCBuildConfiguration section */
		242AD94F2F2B9B5E00CDEAAE /* Debug */ = {
			isa = XCBuildConfiguration;
			buildSettings = {
				DEVELOPMENT_TEAM = 58VP3BNL4B;
			};
			name = Debug;
		};
		242AD9502F2B9B5E00CDEAAE /* Release */ = {
			isa = XCBuildConfiguration;
			buildSettings = {
				DEVELOPMENT_TEAM = 58VP3BNL4B;
			};
			name = Release;
		};
/* End XCBuildConfiguration section */

/* Begin XCConfigurationList section */
		242AD94E2F2B9B5E00CDEAAE /* Build configuration list for PBXProject "HAVENDocuments" */ = {
			isa = XCConfigurationList;
			buildConfigurations = (
				242AD94F2F2B9B5E00CDEAAE /* Debug */,
				242AD9502F2B9B5E00CDEAAE /* Release */,
			);
			defaultConfigurationIsVisible = 0;
			defaultConfigurationName = Release;
		};
/* End XCConfigurationList section */
	};
	rootObject = 242AD94B2F2B9B5E00CDEAAE /* Project object */;
}
